<Solution>
  <Project Path="AspireApp1.ApiService/AspireApp1.ApiService.csproj" />
  <Project Path="AspireApp1.AppHost/AspireApp1.AppHost.csproj" />
  <Project Path="AspireApp1.ServiceDefaults/AspireApp1.ServiceDefaults.csproj" />
  <Project Path="AspireApp1.Tests/AspireApp1.Tests.csproj" />
  <Project Path="AspireApp1.Web/AspireApp1.Web.csproj" />
</Solution>
